// !$*UTF8*$!
{
	archiveVersion = 1;
	classes = {
	};
	objectVersion = 46;
	objects = {

/* Begin PBXBuildFile section */
		367892E9196810A6000E2F0E /* AppDelegate.swift in Sources */ = {isa = PBXBuildFile; fileRef = 367892E8196810A6000E2F0E /* AppDelegate.swift */; };
		367892EB196810A6000E2F0E /* GameScene.sks in Resources */ = {isa = PBXBuildFile; fileRef = 367892EA196810A6000E2F0E /* GameScene.sks */; };
		367892ED196810A6000E2F0E /* GameScene.swift in Sources */ = {isa = PBXBuildFile; fileRef = 367892EC196810A6000E2F0E /* GameScene.swift */; };
		367892EF196810A6000E2F0E /* GameViewController.swift in Sources */ = {isa = PBXBuildFile; fileRef = 367892EE196810A6000E2F0E /* GameViewController.swift */; };
		367892F2196810A6000E2F0E /* Main.storyboard in Resources */ = {isa = PBXBuildFile; fileRef = 367892F0196810A6000E2F0E /* Main.storyboard */; };
		367892F4196810A7000E2F0E /* Images.xcassets in Resources */ = {isa = PBXBuildFile; fileRef = 367892F3196810A7000E2F0E /* Images.xcassets */; };
		36789300196810A7000E2F0E /* Swift_CrunchTests.swift in Sources */ = {isa = PBXBuildFile; fileRef = 367892FF196810A7000E2F0E /* Swift_CrunchTests.swift */; };
		3678930E196821C0000E2F0E /* ComparableProtocol.swift in Sources */ = {isa = PBXBuildFile; fileRef = 3678930D196821C0000E2F0E /* ComparableProtocol.swift */; };
		36789310196825CC000E2F0E /* CGPointExtension.swift in Sources */ = {isa = PBXBuildFile; fileRef = 3678930F196825CC000E2F0E /* CGPointExtension.swift */; };
		3678931919683413000E2F0E /* SKPaintHelper.swift in Sources */ = {isa = PBXBuildFile; fileRef = 3678931819683413000E2F0E /* SKPaintHelper.swift */; };
		3678931D1968410C000E2F0E /* UIImageExtension.swift in Sources */ = {isa = PBXBuildFile; fileRef = 3678931C1968410C000E2F0E /* UIImageExtension.swift */; };
		3678932119686046000E2F0E /* ArrayExtension.swift in Sources */ = {isa = PBXBuildFile; fileRef = 3678932019686046000E2F0E /* ArrayExtension.swift */; };
		AC97EDE719682A2A00630D6D /* Paintbrush.swift in Sources */ = {isa = PBXBuildFile; fileRef = AC97EDE619682A2A00630D6D /* Paintbrush.swift */; };
/* End PBXBuildFile section */

/* Begin PBXContainerItemProxy section */
		367892FA196810A7000E2F0E /* PBXContainerItemProxy */ = {
			isa = PBXContainerItemProxy;
			containerPortal = 367892DB196810A6000E2F0E /* Project object */;
			proxyType = 1;
			remoteGlobalIDString = 367892E2196810A6000E2F0E;
			remoteInfo = "Swift Crunch";
		};
/* End PBXContainerItemProxy section */

/* Begin PBXFileReference section */
		367892E3196810A6000E2F0E /* Swift Crunch.app */ = {isa = PBXFileReference; explicitFileType = wrapper.application; includeInIndex = 0; path = "Swift Crunch.app"; sourceTree = BUILT_PRODUCTS_DIR; };
		367892E7196810A6000E2F0E /* Info.plist */ = {isa = PBXFileReference; lastKnownFileType = text.plist.xml; path = Info.plist; sourceTree = "<group>"; };
		367892E8196810A6000E2F0E /* AppDelegate.swift */ = {isa = PBXFileReference; lastKnownFileType = sourcecode.swift; path = AppDelegate.swift; sourceTree = "<group>"; };
		367892EA196810A6000E2F0E /* GameScene.sks */ = {isa = PBXFileReference; lastKnownFileType = file.sks; path = GameScene.sks; sourceTree = "<group>"; };
		367892EC196810A6000E2F0E /* GameScene.swift */ = {isa = PBXFileReference; lastKnownFileType = sourcecode.swift; path = GameScene.swift; sourceTree = "<group>"; };
		367892EE196810A6000E2F0E /* GameViewController.swift */ = {isa = PBXFileReference; lastKnownFileType = sourcecode.swift; path = GameViewController.swift; sourceTree = "<group>"; };
		367892F1196810A6000E2F0E /* Base */ = {isa = PBXFileReference; lastKnownFileType = file.storyboard; name = Base; path = Base.lproj/Main.storyboard; sourceTree = "<group>"; };
		367892F3196810A7000E2F0E /* Images.xcassets */ = {isa = PBXFileReference; lastKnownFileType = folder.assetcatalog; path = Images.xcassets; sourceTree = "<group>"; };
		367892F9196810A7000E2F0E /* Swift CrunchTests.xctest */ = {isa = PBXFileReference; explicitFileType = wrapper.cfbundle; includeInIndex = 0; path = "Swift CrunchTests.xctest"; sourceTree = BUILT_PRODUCTS_DIR; };
		367892FE196810A7000E2F0E /* Info.plist */ = {isa = PBXFileReference; lastKnownFileType = text.plist.xml; path = Info.plist; sourceTree = "<group>"; };
		367892FF196810A7000E2F0E /* Swift_CrunchTests.swift */ = {isa = PBXFileReference; lastKnownFileType = sourcecode.swift; path = Swift_CrunchTests.swift; sourceTree = "<group>"; };
		3678930D196821C0000E2F0E /* ComparableProtocol.swift */ = {isa = PBXFileReference; fileEncoding = 4; lastKnownFileType = sourcecode.swift; path = ComparableProtocol.swift; sourceTree = "<group>"; };
		3678930F196825CC000E2F0E /* CGPointExtension.swift */ = {isa = PBXFileReference; fileEncoding = 4; lastKnownFileType = sourcecode.swift; path = CGPointExtension.swift; sourceTree = "<group>"; };
		3678931819683413000E2F0E /* SKPaintHelper.swift */ = {isa = PBXFileReference; fileEncoding = 4; lastKnownFileType = sourcecode.swift; path = SKPaintHelper.swift; sourceTree = "<group>"; };
		3678931C1968410C000E2F0E /* UIImageExtension.swift */ = {isa = PBXFileReference; fileEncoding = 4; lastKnownFileType = sourcecode.swift; path = UIImageExtension.swift; sourceTree = "<group>"; };
		3678932019686046000E2F0E /* ArrayExtension.swift */ = {isa = PBXFileReference; fileEncoding = 4; lastKnownFileType = sourcecode.swift; path = ArrayExtension.swift; sourceTree = "<group>"; };
		AC97EDE619682A2A00630D6D /* Paintbrush.swift */ = {isa = PBXFileReference; fileEncoding = 4; lastKnownFileType = sourcecode.swift; path = Paintbrush.swift; sourceTree = "<group>"; };
/* End PBXFileReference section */

/* Begin PBXFrameworksBuildPhase section */
		367892E0196810A6000E2F0E /* Frameworks */ = {
			isa = PBXFrameworksBuildPhase;
			buildActionMask = 2147483647;
			files = (
			);
			runOnlyForDeploymentPostprocessing = 0;
		};
		367892F6196810A7000E2F0E /* Frameworks */ = {
			isa = PBXFrameworksBuildPhase;
			buildActionMask = 2147483647;
			files = (
			);
			runOnlyForDeploymentPostprocessing = 0;
		};
/* End PBXFrameworksBuildPhase section */

/* Begin PBXGroup section */
		367892DA196810A6000E2F0E = {
			isa = PBXGroup;
			children = (
				367892E5196810A6000E2F0E /* Swift Crunch */,
				367892FC196810A7000E2F0E /* Swift CrunchTests */,
				367892E4196810A6000E2F0E /* Products */,
			);
			sourceTree = "<group>";
		};
		367892E4196810A6000E2F0E /* Products */ = {
			isa = PBXGroup;
			children = (
				367892E3196810A6000E2F0E /* Swift Crunch.app */,
				367892F9196810A7000E2F0E /* Swift CrunchTests.xctest */,
			);
			name = Products;
			sourceTree = "<group>";
		};
		367892E5196810A6000E2F0E /* Swift Crunch */ = {
			isa = PBXGroup;
			children = (
				367893171968340A000E2F0E /* Helpers */,
				3678930C19682185000E2F0E /* Protocols */,
				3678930919682063000E2F0E /* Extensions */,
				367892E8196810A6000E2F0E /* AppDelegate.swift */,
				367892EA196810A6000E2F0E /* GameScene.sks */,
				367892EC196810A6000E2F0E /* GameScene.swift */,
				367892EE196810A6000E2F0E /* GameViewController.swift */,
				367892F0196810A6000E2F0E /* Main.storyboard */,
				367892F3196810A7000E2F0E /* Images.xcassets */,
				367892E6196810A6000E2F0E /* Supporting Files */,
				AC97EDE619682A2A00630D6D /* Paintbrush.swift */,
			);
			path = "Swift Crunch";
			sourceTree = "<group>";
		};
		367892E6196810A6000E2F0E /* Supporting Files */ = {
			isa = PBXGroup;
			children = (
				367892E7196810A6000E2F0E /* Info.plist */,
			);
			name = "Supporting Files";
			sourceTree = "<group>";
		};
		367892FC196810A7000E2F0E /* Swift CrunchTests */ = {
			isa = PBXGroup;
			children = (
				367892FF196810A7000E2F0E /* Swift_CrunchTests.swift */,
				367892FD196810A7000E2F0E /* Supporting Files */,
			);
			path = "Swift CrunchTests";
			sourceTree = "<group>";
		};
		367892FD196810A7000E2F0E /* Supporting Files */ = {
			isa = PBXGroup;
			children = (
				367892FE196810A7000E2F0E /* Info.plist */,
			);
			name = "Supporting Files";
			sourceTree = "<group>";
		};
		3678930919682063000E2F0E /* Extensions */ = {
			isa = PBXGroup;
			children = (
				3678930F196825CC000E2F0E /* CGPointExtension.swift */,
				3678931C1968410C000E2F0E /* UIImageExtension.swift */,
				3678932019686046000E2F0E /* ArrayExtension.swift */,
			);
			name = Extensions;
			sourceTree = "<group>";
		};
		3678930C19682185000E2F0E /* Protocols */ = {
			isa = PBXGroup;
			children = (
				3678930D196821C0000E2F0E /* ComparableProtocol.swift */,
			);
			name = Protocols;
			sourceTree = "<group>";
		};
		367893171968340A000E2F0E /* Helpers */ = {
			isa = PBXGroup;
			children = (
				3678931819683413000E2F0E /* SKPaintHelper.swift */,
			);
			name = Helpers;
			sourceTree = "<group>";
		};
/* End PBXGroup section */

/* Begin PBXNativeTarget section */
		367892E2196810A6000E2F0E /* Swift Crunch */ = {
			isa = PBXNativeTarget;
			buildConfigurationList = 36789303196810A7000E2F0E /* Build configuration list for PBXNativeTarget "Swift Crunch" */;
			buildPhases = (
				367892DF196810A6000E2F0E /* Sources */,
				367892E0196810A6000E2F0E /* Frameworks */,
				367892E1196810A6000E2F0E /* Resources */,
			);
			buildRules = (
			);
			dependencies = (
			);
			name = "Swift Crunch";
			productName = "Swift Crunch";
			productReference = 367892E3196810A6000E2F0E /* Swift Crunch.app */;
			productType = "com.apple.product-type.application";
		};
		367892F8196810A7000E2F0E /* Swift CrunchTests */ = {
			isa = PBXNativeTarget;
			buildConfigurationList = 36789306196810A7000E2F0E /* Build configuration list for PBXNativeTarget "Swift CrunchTests" */;
			buildPhases = (
				367892F5196810A7000E2F0E /* Sources */,
				367892F6196810A7000E2F0E /* Frameworks */,
				367892F7196810A7000E2F0E /* Resources */,
			);
			buildRules = (
			);
			dependencies = (
				367892FB196810A7000E2F0E /* PBXTargetDependency */,
			);
			name = "Swift CrunchTests";
			productName = "Swift CrunchTests";
			productReference = 367892F9196810A7000E2F0E /* Swift CrunchTests.xctest */;
			productType = "com.apple.product-type.bundle.unit-test";
		};
/* End PBXNativeTarget section */

/* Begin PBXProject section */
		367892DB196810A6000E2F0E /* Project object */ = {
			isa = PBXProject;
			attributes = {
				LastUpgradeCheck = 0600;
				ORGANIZATIONNAME = brckt;
				TargetAttributes = {
					367892E2196810A6000E2F0E = {
						CreatedOnToolsVersion = 6.0;
					};
					367892F8196810A7000E2F0E = {
						CreatedOnToolsVersion = 6.0;
						TestTargetID = 367892E2196810A6000E2F0E;
					};
				};
			};
			buildConfigurationList = 367892DE196810A6000E2F0E /* Build configuration list for PBXProject "Swift Crunch" */;
			compatibilityVersion = "Xcode 3.2";
			developmentRegion = English;
			hasScannedForEncodings = 0;
			knownRegions = (
				en,
				Base,
			);
			mainGroup = 367892DA196810A6000E2F0E;
			productRefGroup = 367892E4196810A6000E2F0E /* Products */;
			projectDirPath = "";
			projectRoot = "";
			targets = (
				367892E2196810A6000E2F0E /* Swift Crunch */,
				367892F8196810A7000E2F0E /* Swift CrunchTests */,
			);
		};
/* End PBXProject section */

/* Begin PBXResourcesBuildPhase section */
		367892E1196810A6000E2F0E /* Resources */ = {
			isa = PBXResourcesBuildPhase;
			buildActionMask = 2147483647;
			files = (
				367892F4196810A7000E2F0E /* Images.xcassets in Resources */,
				367892EB196810A6000E2F0E /* GameScene.sks in Resources */,
				367892F2196810A6000E2F0E /* Main.storyboard in Resources */,
			);
			runOnlyForDeploymentPostprocessing = 0;
		};
		367892F7196810A7000E2F0E /* Resources */ = {
			isa = PBXResourcesBuildPhase;
			buildActionMask = 2147483647;
			files = (
			);
			runOnlyForDeploymentPostprocessing = 0;
		};
/* End PBXResourcesBuildPhase section */

/* Begin PBXSourcesBuildPhase section */
		367892DF196810A6000E2F0E /* Sources */ = {
			isa = PBXSourcesBuildPhase;
			buildActionMask = 2147483647;
			files = (
				367892ED196810A6000E2F0E /* GameScene.swift in Sources */,
				3678931919683413000E2F0E /* SKPaintHelper.swift in Sources */,
				367892EF196810A6000E2F0E /* GameViewController.swift in Sources */,
				3678932119686046000E2F0E /* ArrayExtension.swift in Sources */,
				36789310196825CC000E2F0E /* CGPointExtension.swift in Sources */,
				AC97EDE719682A2A00630D6D /* Paintbrush.swift in Sources */,
				367892E9196810A6000E2F0E /* AppDelegate.swift in Sources */,
				3678930E196821C0000E2F0E /* ComparableProtocol.swift in Sources */,
				3678931D1968410C000E2F0E /* UIImageExtension.swift in Sources */,
			);
			runOnlyForDeploymentPostprocessing = 0;
		};
		367892F5196810A7000E2F0E /* Sources */ = {
			isa = PBXSourcesBuildPhase;
			buildActionMask = 2147483647;
			files = (
				36789300196810A7000E2F0E /* Swift_CrunchTests.swift in Sources */,
			);
			runOnlyForDeploymentPostprocessing = 0;
		};
/* End PBXSourcesBuildPhase section */

/* Begin PBXTargetDependency section */
		367892FB196810A7000E2F0E /* PBXTargetDependency */ = {
			isa = PBXTargetDependency;
			target = 367892E2196810A6000E2F0E /* Swift Crunch */;
			targetProxy = 367892FA196810A7000E2F0E /* PBXContainerItemProxy */;
		};
/* End PBXTargetDependency section */

/* Begin PBXVariantGroup section */
		367892F0196810A6000E2F0E /* Main.storyboard */ = {
			isa = PBXVariantGroup;
			children = (
				367892F1196810A6000E2F0E /* Base */,
			);
			name = Main.storyboard;
			sourceTree = "<group>";
		};
/* End PBXVariantGroup section */

/* Begin XCBuildConfiguration section */
		36789301196810A7000E2F0E /* Debug */ = {
			isa = XCBuildConfiguration;
			buildSettings = {
				ALWAYS_SEARCH_USER_PATHS = NO;
				CLANG_CXX_LANGUAGE_STANDARD = "gnu++0x";
				CLANG_CXX_LIBRARY = "libc++";
				CLANG_ENABLE_MODULES = YES;
				CLANG_ENABLE_OBJC_ARC = YES;
				CLANG_WARN_BOOL_CONVERSION = YES;
				CLANG_WARN_CONSTANT_CONVERSION = YES;
				CLANG_WARN_DIRECT_OBJC_ISA_USAGE = YES_ERROR;
				CLANG_WARN_EMPTY_BODY = YES;
				CLANG_WARN_ENUM_CONVERSION = YES;
				CLANG_WARN_INT_CONVERSION = YES;
				CLANG_WARN_OBJC_ROOT_CLASS = YES_ERROR;
				CLANG_WARN_UNREACHABLE_CODE = YES;
				CLANG_WARN__DUPLICATE_METHOD_MATCH = YES;
				CODE_SIGN_IDENTITY = "iPhone Developer: Artur Jaworski (RGXBJUUU3E)";
				"CODE_SIGN_IDENTITY[sdk=iphoneos*]" = "iPhone Developer: Artur Jaworski (RGXBJUUU3E)";
				COPY_PHASE_STRIP = NO;
				ENABLE_STRICT_OBJC_MSGSEND = YES;
				GCC_C_LANGUAGE_STANDARD = gnu99;
				GCC_DYNAMIC_NO_PIC = NO;
				GCC_OPTIMIZATION_LEVEL = 0;
				GCC_PREPROCESSOR_DEFINITIONS = (
					"DEBUG=1",
					"$(inherited)",
				);
				GCC_SYMBOLS_PRIVATE_EXTERN = NO;
				GCC_WARN_64_TO_32_BIT_CONVERSION = YES;
				GCC_WARN_ABOUT_RETURN_TYPE = YES_ERROR;
				GCC_WARN_UNDECLARED_SELECTOR = YES;
				GCC_WARN_UNINITIALIZED_AUTOS = YES_AGGRESSIVE;
				GCC_WARN_UNUSED_FUNCTION = YES;
				GCC_WARN_UNUSED_VARIABLE = YES;
				IPHONEOS_DEPLOYMENT_TARGET = 8.0;
				METAL_ENABLE_DEBUG_INFO = YES;
				ONLY_ACTIVE_ARCH = YES;
				PROVISIONING_PROFILE = "36DDCC3E-CCDD-475B-A831-50FD5C19C423";
				SDKROOT = iphoneos;
				SWIFT_OPTIMIZATION_LEVEL = "-Onone";
			};
			name = Debug;
		};
		36789302196810A7000E2F0E /* Release */ = {
			isa = XCBuildConfiguration;
			buildSettings = {
				ALWAYS_SEARCH_USER_PATHS = NO;
				CLANG_CXX_LANGUAGE_STANDARD = "gnu++0x";
				CLANG_CXX_LIBRARY = "libc++";
				CLANG_ENABLE_MODULES = YES;
				CLANG_ENABLE_OBJC_ARC = YES;
				CLANG_WARN_BOOL_CONVERSION = YES;
				CLANG_WARN_CONSTANT_CONVERSION = YES;
				CLANG_WARN_DIRECT_OBJC_ISA_USAGE = YES_ERROR;
				CLANG_WARN_EMPTY_BODY = YES;
				CLANG_WARN_ENUM_CONVERSION = YES;
				CLANG_WARN_INT_CONVERSION = YES;
				CLANG_WARN_OBJC_ROOT_CLASS = YES_ERROR;
				CLANG_WARN_UNREACHABLE_CODE = YES;
				CLANG_WARN__DUPLICATE_METHOD_MATCH = YES;
				CODE_SIGN_IDENTITY = "iPhone Developer: Artur Jaworski (RGXBJUUU3E)";
				"CODE_SIGN_IDENTITY[sdk=iphoneos*]" = "iPhone Developer: Artur Jaworski (RGXBJUUU3E)";
				COPY_PHASE_STRIP = YES;
				ENABLE_NS_ASSERTIONS = NO;
				ENABLE_STRICT_OBJC_MSGSEND = YES;
				GCC_C_LANGUAGE_STANDARD = gnu99;
				GCC_WARN_64_TO_32_BIT_CONVERSION = YES;
				GCC_WARN_ABOUT_RETURN_TYPE = YES_ERROR;
				GCC_WARN_UNDECLARED_SELECTOR = YES;
				GCC_WARN_UNINITIALIZED_AUTOS = YES_AGGRESSIVE;
				GCC_WARN_UNUSED_FUNCTION = YES;
				GCC_WARN_UNUSED_VARIABLE = YES;
				IPHONEOS_DEPLOYMENT_TARGET = 8.0;
				METAL_ENABLE_DEBUG_INFO = NO;
				PROVISIONING_PROFILE = "36DDCC3E-CCDD-475B-A831-50FD5C19C423";
				SDKROOT = iphoneos;
				VALIDATE_PRODUCT = YES;
			};
			name = Release;
		};
		36789304196810A7000E2F0E /* Debug */ = {
			isa = XCBuildConfiguration;
			buildSettings = {
				ASSETCATALOG_COMPILER_APPICON_NAME = AppIcon;
				ASSETCATALOG_COMPILER_LAUNCHIMAGE_NAME = LaunchImage;
				CODE_SIGN_IDENTITY = "iPhone Developer: Artur Jaworski (RGXBJUUU3E)";
				INFOPLIST_FILE = "Swift Crunch/Info.plist";
				IPHONEOS_DEPLOYMENT_TARGET = 7.0;
				LD_RUNPATH_SEARCH_PATHS = "$(inherited) @executable_path/Frameworks";
				PRODUCT_NAME = "$(TARGET_NAME)";
				PROVISIONING_PROFILE = "36DDCC3E-CCDD-475B-A831-50FD5C19C423";
			};
			name = Debug;
		};
		36789305196810A7000E2F0E /* Release */ = {
			isa = XCBuildConfiguration;
			buildSettings = {
				ASSETCATALOG_COMPILER_APPICON_NAME = AppIcon;
				ASSETCATALOG_COMPILER_LAUNCHIMAGE_NAME = LaunchImage;
				CODE_SIGN_IDENTITY = "iPhone Developer: Artur Jaworski (RGXBJUUU3E)";
				INFOPLIST_FILE = "Swift Crunch/Info.plist";
				IPHONEOS_DEPLOYMENT_TARGET = 7.0;
				LD_RUNPATH_SEARCH_PATHS = "$(inherited) @executable_path/Frameworks";
				PRODUCT_NAME = "$(TARGET_NAME)";
				PROVISIONING_PROFILE = "36DDCC3E-CCDD-475B-A831-50FD5C19C423";
			};
			name = Release;
		};
		36789307196810A7000E2F0E /* Debug */ = {
			isa = XCBuildConfiguration;
			buildSettings = {
				BUNDLE_LOADER = "$(BUILT_PRODUCTS_DIR)/Swift Crunch.app/Swift Crunch";
				FRAMEWORK_SEARCH_PATHS = (
					"$(SDKROOT)/Developer/Library/Frameworks",
					"$(inherited)",
				);
				GCC_PREPROCESSOR_DEFINITIONS = (
					"DEBUG=1",
					"$(inherited)",
				);
				INFOPLIST_FILE = "Swift CrunchTests/Info.plist";
				LD_RUNPATH_SEARCH_PATHS = "$(inherited) @executable_path/Frameworks @loader_path/Frameworks";
				METAL_ENABLE_DEBUG_INFO = YES;
				PRODUCT_NAME = "$(TARGET_NAME)";
				TEST_HOST = "$(BUNDLE_LOADER)";
			};
			name = Debug;
		};
		36789308196810A7000E2F0E /* Release */ = {
			isa = XCBuildConfiguration;
			buildSettings = {
				BUNDLE_LOADER = "$(BUILT_PRODUCTS_DIR)/Swift Crunch.app/Swift Crunch";
				FRAMEWORK_SEARCH_PATHS = (
					"$(SDKROOT)/Developer/Library/Frameworks",
					"$(inherited)",
				);
				INFOPLIST_FILE = "Swift CrunchTests/Info.plist";
				LD_RUNPATH_SEARCH_PATHS = "$(inherited) @executable_path/Frameworks @loader_path/Frameworks";
				METAL_ENABLE_DEBUG_INFO = NO;
				PRODUCT_NAME = "$(TARGET_NAME)";
				TEST_HOST = "$(BUNDLE_LOADER)";
			};
			name = Release;
		};
/* End XCBuildConfiguration section */

/* Begin XCConfigurationList section */
		367892DE196810A6000E2F0E /* Build configuration list for PBXProject "Swift Crunch" */ = {
			isa = XCConfigurationList;
			buildConfigurations = (
				36789301196810A7000E2F0E /* Debug */,
				36789302196810A7000E2F0E /* Release */,
			);
			defaultConfigurationIsVisible = 0;
			defaultConfigurationName = Release;
		};
		36789303196810A7000E2F0E /* Build configuration list for PBXNativeTarget "Swift Crunch" */ = {
			isa = XCConfigurationList;
			buildConfigurations = (
				36789304196810A7000E2F0E /* Debug */,
				36789305196810A7000E2F0E /* Release */,
			);
			defaultConfigurationIsVisible = 0;
			defaultConfigurationName = Release;
		};
		36789306196810A7000E2F0E /* Build configuration list for PBXNativeTarget "Swift CrunchTests" */ = {
			isa = XCConfigurationList;
			buildConfigurations = (
				36789307196810A7000E2F0E /* Debug */,
				36789308196810A7000E2F0E /* Release */,
			);
			defaultConfigurationIsVisible = 0;
			defaultConfigurationName = Release;
		};
/* End XCConfigurationList section */
	};
	rootObject = 367892DB196810A6000E2F0E /* Project object */;
}
